<?xml version="1.0" encoding="utf-8"?>
<Project ToolsVersion="4.0" xmlns="http://schemas.microsoft.com/developer/msbuild/2003">
  <ItemGroup>
    <Filter Include="include">
      <UniqueIdentifier>{89AF369E-F58E-B539-FEA6-40106A051C9B}</UniqueIdentifier>
    </Filter>
    <Filter Include="include\v8">
      <UniqueIdentifier>{4646B8DA-32FE-F927-9B05-D38387DC9418}</UniqueIdentifier>
    </Filter>
    <Filter Include="include\v8\cppgc">
      <UniqueIdentifier>{C2A6A2F2-AE9F-C144-D7D1-A6C9C329A150}</UniqueIdentifier>
    </Filter>
    <Filter Include="include\v8\cppgc\internal">
      <UniqueIdentifier>{4E035966-BAC5-8CF0-0376-1B7D6F7765CE}</UniqueIdentifier>
    </Filter>
    <Filter Include="include\v8\libplatform">
      <UniqueIdentifier>{B15D21A0-9D57-4AF2-86C4-E002725DB05E}</UniqueIdentifier>
    </Filter>
    <Filter Include="include\v8pp">
      <UniqueIdentifier>{A6FEE269-9261-720E-3BE7-AAC427293E91}</UniqueIdentifier>
    </Filter>
    <Filter Include="src">
      <UniqueIdentifier>{2DAB880B-99B4-887C-2230-9F7C8E38947C}</UniqueIdentifier>
    </Filter>
  </ItemGroup>
  <ItemGroup>
    <ClInclude Include="include\v8\cppgc\allocation.h">
      <Filter>include\v8\cppgc</Filter>
    </ClInclude>
    <ClInclude Include="include\v8\cppgc\common.h">
      <Filter>include\v8\cppgc</Filter>
    </ClInclude>
    <ClInclude Include="include\v8\cppgc\custom-space.h">
      <Filter>include\v8\cppgc</Filter>
    </ClInclude>
    <ClInclude Include="include\v8\cppgc\garbage-collected.h">
      <Filter>include\v8\cppgc</Filter>
    </ClInclude>
    <ClInclude Include="include\v8\cppgc\heap.h">
      <Filter>include\v8\cppgc</Filter>
    </ClInclude>
    <ClInclude Include="include\v8\cppgc\internal\accessors.h">
      <Filter>include\v8\cppgc\internal</Filter>
    </ClInclude>
    <ClInclude Include="include\v8\cppgc\internal\api-constants.h">
      <Filter>include\v8\cppgc\internal</Filter>
    </ClInclude>
    <ClInclude Include="include\v8\cppgc\internal\compiler-specific.h">
      <Filter>include\v8\cppgc\internal</Filter>
    </ClInclude>
    <ClInclude Include="include\v8\cppgc\internal\finalizer-trait.h">
      <Filter>include\v8\cppgc\internal</Filter>
    </ClInclude>
    <ClInclude Include="include\v8\cppgc\internal\gc-info.h">
      <Filter>include\v8\cppgc\internal</Filter>
    </ClInclude>
    <ClInclude Include="include\v8\cppgc\internal\logging.h">
      <Filter>include\v8\cppgc\internal</Filter>
    </ClInclude>
    <ClInclude Include="include\v8\cppgc\internal\persistent-node.h">
      <Filter>include\v8\cppgc\internal</Filter>
    </ClInclude>
    <ClInclude Include="include\v8\cppgc\internal\pointer-policies.h">
      <Filter>include\v8\cppgc\internal</Filter>
    </ClInclude>
    <ClInclude Include="include\v8\cppgc\internal\prefinalizer-handler.h">
      <Filter>include\v8\cppgc\internal</Filter>
    </ClInclude>
    <ClInclude Include="include\v8\cppgc\liveness-broker.h">
      <Filter>include\v8\cppgc</Filter>
    </ClInclude>
    <ClInclude Include="include\v8\cppgc\macros.h">
      <Filter>include\v8\cppgc</Filter>
    </ClInclude>
    <ClInclude Include="include\v8\cppgc\member.h">
      <Filter>include\v8\cppgc</Filter>
    </ClInclude>
    <ClInclude Include="include\v8\cppgc\persistent.h">
      <Filter>include\v8\cppgc</Filter>
    </ClInclude>
    <ClInclude Include="include\v8\cppgc\platform.h">
      <Filter>include\v8\cppgc</Filter>
    </ClInclude>
    <ClInclude Include="include\v8\cppgc\prefinalizer.h">
      <Filter>include\v8\cppgc</Filter>
    </ClInclude>
    <ClInclude Include="include\v8\cppgc\source-location.h">
      <Filter>include\v8\cppgc</Filter>
    </ClInclude>
    <ClInclude Include="include\v8\cppgc\trace-trait.h">
      <Filter>include\v8\cppgc</Filter>
    </ClInclude>
    <ClInclude Include="include\v8\cppgc\type-traits.h">
      <Filter>include\v8\cppgc</Filter>
    </ClInclude>
    <ClInclude Include="include\v8\cppgc\visitor.h">
      <Filter>include\v8\cppgc</Filter>
    </ClInclude>
    <ClInclude Include="include\v8\libplatform\libplatform-export.h">
      <Filter>include\v8\libplatform</Filter>
    </ClInclude>
    <ClInclude Include="include\v8\libplatform\libplatform.h">
      <Filter>include\v8\libplatform</Filter>
    </ClInclude>
    <ClInclude Include="include\v8\libplatform\v8-tracing.h">
      <Filter>include\v8\libplatform</Filter>
    </ClInclude>
    <ClInclude Include="include\v8\v8-fast-api-calls.h">
      <Filter>include\v8</Filter>
    </ClInclude>
    <ClInclude Include="include\v8\v8-inspector-protocol.h">
      <Filter>include\v8</Filter>
    </ClInclude>
    <ClInclude Include="include\v8\v8-inspector.h">
      <Filter>include\v8</Filter>
    </ClInclude>
    <ClInclude Include="include\v8\v8-internal.h">
      <Filter>include\v8</Filter>
    </ClInclude>
    <ClInclude Include="include\v8\v8-platform.h">
      <Filter>include\v8</Filter>
    </ClInclude>
    <ClInclude Include="include\v8\v8-profiler.h">
      <Filter>include\v8</Filter>
    </ClInclude>
    <ClInclude Include="include\v8\v8-util.h">
      <Filter>include\v8</Filter>
    </ClInclude>
    <ClInclude Include="include\v8\v8-value-serializer-version.h">
      <Filter>include\v8</Filter>
    </ClInclude>
    <ClInclude Include="include\v8\v8-version-string.h">
      <Filter>include\v8</Filter>
    </ClInclude>
    <ClInclude Include="include\v8\v8-version.h">
      <Filter>include\v8</Filter>
    </ClInclude>
    <ClInclude Include="include\v8\v8-wasm-trap-handler-posix.h">
      <Filter>include\v8</Filter>
    </ClInclude>
    <ClInclude Include="include\v8\v8-wasm-trap-handler-win.h">
      <Filter>include\v8</Filter>
    </ClInclude>
    <ClInclude Include="include\v8\v8.h">
      <Filter>include\v8</Filter>
    </ClInclude>
    <ClInclude Include="include\v8\v8config.h">
      <Filter>include\v8</Filter>
    </ClInclude>
    <ClInclude Include="include\v8pp\call_from_v8.hpp">
      <Filter>include\v8pp</Filter>
    </ClInclude>
    <ClInclude Include="include\v8pp\call_v8.hpp">
      <Filter>include\v8pp</Filter>
    </ClInclude>
    <ClInclude Include="include\v8pp\class.hpp">
      <Filter>include\v8pp</Filter>
    </ClInclude>
    <ClInclude Include="include\v8pp\config.hpp">
      <Filter>include\v8pp</Filter>
    </ClInclude>
    <ClInclude Include="include\v8pp\context.hpp">
      <Filter>include\v8pp</Filter>
    </ClInclude>
    <ClInclude Include="include\v8pp\convert.hpp">
      <Filter>include\v8pp</Filter>
    </ClInclude>
    <ClInclude Include="include\v8pp\factory.hpp">
      <Filter>include\v8pp</Filter>
    </ClInclude>
    <ClInclude Include="include\v8pp\function.hpp">
      <Filter>include\v8pp</Filter>
    </ClInclude>
    <ClInclude Include="include\v8pp\json.hpp">
      <Filter>include\v8pp</Filter>
    </ClInclude>
    <ClInclude Include="include\v8pp\module.hpp">
      <Filter>include\v8pp</Filter>
    </ClInclude>
    <ClInclude Include="include\v8pp\object.hpp">
      <Filter>include\v8pp</Filter>
    </ClInclude>
    <ClInclude Include="include\v8pp\persistent.hpp">
      <Filter>include\v8pp</Filter>
    </ClInclude>
    <ClInclude Include="include\v8pp\property.hpp">
      <Filter>include\v8pp</Filter>
    </ClInclude>
    <ClInclude Include="include\v8pp\ptr_traits.hpp">
      <Filter>include\v8pp</Filter>
    </ClInclude>
    <ClInclude Include="include\v8pp\throw_ex.hpp">
      <Filter>include\v8pp</Filter>
    </ClInclude>
    <ClInclude Include="include\v8pp\utility.hpp">
      <Filter>include\v8pp</Filter>
    </ClInclude>
    <ClInclude Include="include\v8pp\version.hpp">
      <Filter>include\v8pp</Filter>
    </ClInclude>
  </ItemGroup>
  <ItemGroup>
    <ClCompile Include="src\class.cpp">
      <Filter>src</Filter>
    </ClCompile>
    <ClCompile Include="src\context.cpp">
      <Filter>src</Filter>
    </ClCompile>
    <ClCompile Include="src\convert.cpp">
      <Filter>src</Filter>
    </ClCompile>
    <ClCompile Include="src\json.cpp">
      <Filter>src</Filter>
    </ClCompile>
    <ClCompile Include="src\throw_ex.cpp">
      <Filter>src</Filter>
    </ClCompile>
    <ClCompile Include="src\version.cpp">
      <Filter>src</Filter>
    </ClCompile>
  </ItemGroup>
</Project>